
Microsoft Visual Studio Solution File, Format Version 12.00
# Visual Studio Version 16
VisualStudioVersion = 16.0.31613.86
MinimumVisualStudioVersion = 10.0.40219.1
Project("{FAE04EC0-301F-11D3-BF4B-00C04F79EFBC}") = "App", "App\App.csproj", "{CA5C1A16-BF4B-4C78-9115-D3B5EA267351}"
EndProject
Global
	GlobalSection(SolutionConfigurationPlatforms) = preSolution
		Debug|Any CPU = Debug|Any CPU
		Release|Any CPU = Release|Any CPU
	EndGlobalSection
	GlobalSection(ProjectConfigurationPlatforms) = postSolution
		{CA5C1A16-BF4B-4C78-9115-D3B5EA267351}.Debug|Any CPU.ActiveCfg = Debug|Any CPU
		{CA5C1A16-BF4B-4C78-9115-D3B5EA267351}.Debug|Any CPU.Build.0 = Debug|Any CPU
		{CA5C1A16-BF4B-4C78-9115-D3B5EA267351}.Release|Any CPU.ActiveCfg = Release|Any CPU
		{CA5C1A16-BF4B-4C78-9115-D3B5EA267351}.Release|Any CPU.Build.0 = Release|Any CPU
	EndGlobalSection
	GlobalSection(SolutionProperties) = preSolution
		HideSolutionNode = FALSE
	EndGlobalSection
	GlobalSection(ExtensibilityGlobals) = postSolution
		SolutionGuid = {B22661F1-FF9B-4F3E-907E-836B13C0BC24}
	EndGlobalSection
EndGlobal
